
Microsoft Visual Studio Solution File, Format Version 12.00
Project("{FAE04EC0-301F-11D3-BF4B-00C04F79EFBC}") = "FastEndpoints.Swagger.Swashbuckle", "src\FastEndpoints.Swagger.Swashbuckle\FastEndpoints.Swagger.Swashbuckle.csproj", "{DEAF11AB-B94B-4E60-B1A0-EAD6ED4BE035}"
EndProject
Project("{FAE04EC0-301F-11D3-BF4B-00C04F79EFBC}") = "FastEndpoints.ApiExplorer", "src\FastEndpoints.ApiExplorer\FastEndpoints.ApiExplorer.csproj", "{BDBFED12-6BBE-4943-A23C-861B2E488F34}"
EndProject
Project("{FAE04EC0-301F-11D3-BF4B-00C04F79EFBC}") = "Web", "sample\Web\Web.csproj", "{A5D85B37-27D5-416D-BFE6-686BEB5611DE}"
EndProject
Project("{FAE04EC0-301F-11D3-BF4B-00C04F79EFBC}") = "FastEndpoints.DiagnosticSources", "src\FastEndpoints.DiagnosticSources\FastEndpoints.DiagnosticSources.csproj", "{0EA54DD8-1A1B-4DEF-A085-01C648595FC6}"
EndProject
Project("{FAE04EC0-301F-11D3-BF4B-00C04F79EFBC}") = "FastEndpoints.Reflection", "src\FastEndpoints.Reflection\FastEndpoints.Reflection.csproj", "{BACCE356-2989-42EF-AE76-3C1A59D4DEFB}"
EndProject
Global
	GlobalSection(SolutionConfigurationPlatforms) = preSolution
		Debug|Any CPU = Debug|Any CPU
		Release|Any CPU = Release|Any CPU
	EndGlobalSection
	GlobalSection(ProjectConfigurationPlatforms) = postSolution
		{DEAF11AB-B94B-4E60-B1A0-EAD6ED4BE035}.Debug|Any CPU.ActiveCfg = Debug|Any CPU
		{DEAF11AB-B94B-4E60-B1A0-EAD6ED4BE035}.Debug|Any CPU.Build.0 = Debug|Any CPU
		{DEAF11AB-B94B-4E60-B1A0-EAD6ED4BE035}.Release|Any CPU.ActiveCfg = Release|Any CPU
		{DEAF11AB-B94B-4E60-B1A0-EAD6ED4BE035}.Release|Any CPU.Build.0 = Release|Any CPU
		{BDBFED12-6BBE-4943-A23C-861B2E488F34}.Debug|Any CPU.ActiveCfg = Debug|Any CPU
		{BDBFED12-6BBE-4943-A23C-861B2E488F34}.Debug|Any CPU.Build.0 = Debug|Any CPU
		{BDBFED12-6BBE-4943-A23C-861B2E488F34}.Release|Any CPU.ActiveCfg = Release|Any CPU
		{BDBFED12-6BBE-4943-A23C-861B2E488F34}.Release|Any CPU.Build.0 = Release|Any CPU
		{A5D85B37-27D5-416D-BFE6-686BEB5611DE}.Debug|Any CPU.ActiveCfg = Debug|Any CPU
		{A5D85B37-27D5-416D-BFE6-686BEB5611DE}.Debug|Any CPU.Build.0 = Debug|Any CPU
		{A5D85B37-27D5-416D-BFE6-686BEB5611DE}.Release|Any CPU.ActiveCfg = Release|Any CPU
		{A5D85B37-27D5-416D-BFE6-686BEB5611DE}.Release|Any CPU.Build.0 = Release|Any CPU
		{0EA54DD8-1A1B-4DEF-A085-01C648595FC6}.Debug|Any CPU.ActiveCfg = Debug|Any CPU
		{0EA54DD8-1A1B-4DEF-A085-01C648595FC6}.Debug|Any CPU.Build.0 = Debug|Any CPU
		{0EA54DD8-1A1B-4DEF-A085-01C648595FC6}.Release|Any CPU.ActiveCfg = Release|Any CPU
		{0EA54DD8-1A1B-4DEF-A085-01C648595FC6}.Release|Any CPU.Build.0 = Release|Any CPU
		{BACCE356-2989-42EF-AE76-3C1A59D4DEFB}.Debug|Any CPU.ActiveCfg = Debug|Any CPU
		{BACCE356-2989-42EF-AE76-3C1A59D4DEFB}.Debug|Any CPU.Build.0 = Debug|Any CPU
		{BACCE356-2989-42EF-AE76-3C1A59D4DEFB}.Release|Any CPU.ActiveCfg = Release|Any CPU
		{BACCE356-2989-42EF-AE76-3C1A59D4DEFB}.Release|Any CPU.Build.0 = Release|Any CPU
	EndGlobalSection
EndGlobal
